// !$*UTF8*$!
{
	archiveVersion = 1;
	classes = {
	};
	objectVersion = 55;
	objects = {

/* Begin PBXBuildFile section */
		9CD33E2227172C2E0092EE6B /* SearchableApp.swift in Sources */ = {isa = PBXBuildFile; fileRef = 9CD33E2127172C2E0092EE6B /* SearchableApp.swift */; };
		9CD33E2427172C2E0092EE6B /* ContentView.swift in Sources */ = {isa = PBXBuildFile; fileRef = 9CD33E2327172C2E0092EE6B /* ContentView.swift */; };
		9CD33E2627172C300092EE6B /* Assets.xcassets in Resources */ = {isa = PBXBuildFile; fileRef = 9CD33E2527172C300092EE6B /* Assets.xcassets */; };
		9CD33E2927172C300092EE6B /* Preview Assets.xcassets in Resources */ = {isa = PBXBuildFile; fileRef = 9CD33E2827172C300092EE6B /* Preview Assets.xcassets */; };
		9CD33E3427172FFE0092EE6B /* PullToRefreshApp.swift in Sources */ = {isa = PBXBuildFile; fileRef = 9CD33E3327172FFE0092EE6B /* PullToRefreshApp.swift */; };
		9CD33E3627172FFE0092EE6B /* ContentView.swift in Sources */ = {isa = PBXBuildFile; fileRef = 9CD33E3527172FFE0092EE6B /* ContentView.swift */; };
		9CD33E38271730010092EE6B /* Assets.xcassets in Resources */ = {isa = PBXBuildFile; fileRef = 9CD33E37271730010092EE6B /* Assets.xcassets */; };
		9CD33E3B271730010092EE6B /* Preview Assets.xcassets in Resources */ = {isa = PBXBuildFile; fileRef = 9CD33E3A271730010092EE6B /* Preview Assets.xcassets */; };
		9CD33E46271734920092EE6B /* AttributedStringApp.swift in Sources */ = {isa = PBXBuildFile; fileRef = 9CD33E45271734920092EE6B /* AttributedStringApp.swift */; };
		9CD33E48271734920092EE6B /* ContentView.swift in Sources */ = {isa = PBXBuildFile; fileRef = 9CD33E47271734920092EE6B /* ContentView.swift */; };
		9CD33E4A271734950092EE6B /* Assets.xcassets in Resources */ = {isa = PBXBuildFile; fileRef = 9CD33E49271734950092EE6B /* Assets.xcassets */; };
		9CD33E4D271734950092EE6B /* Preview Assets.xcassets in Resources */ = {isa = PBXBuildFile; fileRef = 9CD33E4C271734950092EE6B /* Preview Assets.xcassets */; };
		9CD33E582717AA840092EE6B /* RunsApp.swift in Sources */ = {isa = PBXBuildFile; fileRef = 9CD33E572717AA840092EE6B /* RunsApp.swift */; };
		9CD33E5A2717AA840092EE6B /* ContentView.swift in Sources */ = {isa = PBXBuildFile; fileRef = 9CD33E592717AA840092EE6B /* ContentView.swift */; };
		9CD33E5C2717AA880092EE6B /* Assets.xcassets in Resources */ = {isa = PBXBuildFile; fileRef = 9CD33E5B2717AA880092EE6B /* Assets.xcassets */; };
		9CD33E5F2717AA880092EE6B /* Preview Assets.xcassets in Resources */ = {isa = PBXBuildFile; fileRef = 9CD33E5E2717AA880092EE6B /* Preview Assets.xcassets */; };
		9CD33E6A2717ACA60092EE6B /* MarkdownApp.swift in Sources */ = {isa = PBXBuildFile; fileRef = 9CD33E692717ACA60092EE6B /* MarkdownApp.swift */; };
		9CD33E6C2717ACA60092EE6B /* ContentView.swift in Sources */ = {isa = PBXBuildFile; fileRef = 9CD33E6B2717ACA60092EE6B /* ContentView.swift */; };
		9CD33E6E2717ACA90092EE6B /* Assets.xcassets in Resources */ = {isa = PBXBuildFile; fileRef = 9CD33E6D2717ACA90092EE6B /* Assets.xcassets */; };
		9CD33E712717ACA90092EE6B /* Preview Assets.xcassets in Resources */ = {isa = PBXBuildFile; fileRef = 9CD33E702717ACA90092EE6B /* Preview Assets.xcassets */; };
		9CD33E7C2717AD670092EE6B /* DynamicTypeSizeApp.swift in Sources */ = {isa = PBXBuildFile; fileRef = 9CD33E7B2717AD670092EE6B /* DynamicTypeSizeApp.swift */; };
		9CD33E7E2717AD670092EE6B /* ContentView.swift in Sources */ = {isa = PBXBuildFile; fileRef = 9CD33E7D2717AD670092EE6B /* ContentView.swift */; };
		9CD33E802717AD6A0092EE6B /* Assets.xcassets in Resources */ = {isa = PBXBuildFile; fileRef = 9CD33E7F2717AD6A0092EE6B /* Assets.xcassets */; };
		9CD33E832717AD6A0092EE6B /* Preview Assets.xcassets in Resources */ = {isa = PBXBuildFile; fileRef = 9CD33E822717AD6A0092EE6B /* Preview Assets.xcassets */; };
/* End PBXBuildFile section */

/* Begin PBXFileReference section */
		9CD33E1F27172C2D0092EE6B /* Searchable.app */ = {isa = PBXFileReference; explicitFileType = wrapper.application; includeInIndex = 0; path = Searchable.app; sourceTree = BUILT_PRODUCTS_DIR; };
		9CD33E2127172C2E0092EE6B /* SearchableApp.swift */ = {isa = PBXFileReference; lastKnownFileType = sourcecode.swift; path = SearchableApp.swift; sourceTree = "<group>"; };
		9CD33E2327172C2E0092EE6B /* ContentView.swift */ = {isa = PBXFileReference; lastKnownFileType = sourcecode.swift; path = ContentView.swift; sourceTree = "<group>"; };
		9CD33E2527172C300092EE6B /* Assets.xcassets */ = {isa = PBXFileReference; lastKnownFileType = folder.assetcatalog; path = Assets.xcassets; sourceTree = "<group>"; };
		9CD33E2827172C300092EE6B /* Preview Assets.xcassets */ = {isa = PBXFileReference; lastKnownFileType = folder.assetcatalog; path = "Preview Assets.xcassets"; sourceTree = "<group>"; };
		9CD33E3127172FFE0092EE6B /* PullToRefresh.app */ = {isa = PBXFileReference; explicitFileType = wrapper.application; includeInIndex = 0; path = PullToRefresh.app; sourceTree = BUILT_PRODUCTS_DIR; };
		9CD33E3327172FFE0092EE6B /* PullToRefreshApp.swift */ = {isa = PBXFileReference; lastKnownFileType = sourcecode.swift; path = PullToRefreshApp.swift; sourceTree = "<group>"; };
		9CD33E3527172FFE0092EE6B /* ContentView.swift */ = {isa = PBXFileReference; lastKnownFileType = sourcecode.swift; path = ContentView.swift; sourceTree = "<group>"; };
		9CD33E37271730010092EE6B /* Assets.xcassets */ = {isa = PBXFileReference; lastKnownFileType = folder.assetcatalog; path = Assets.xcassets; sourceTree = "<group>"; };
		9CD33E3A271730010092EE6B /* Preview Assets.xcassets */ = {isa = PBXFileReference; lastKnownFileType = folder.assetcatalog; path = "Preview Assets.xcassets"; sourceTree = "<group>"; };
		9CD33E43271734920092EE6B /* AttributedString.app */ = {isa = PBXFileReference; explicitFileType = wrapper.application; includeInIndex = 0; path = AttributedString.app; sourceTree = BUILT_PRODUCTS_DIR; };
		9CD33E45271734920092EE6B /* AttributedStringApp.swift */ = {isa = PBXFileReference; lastKnownFileType = sourcecode.swift; path = AttributedStringApp.swift; sourceTree = "<group>"; };
		9CD33E47271734920092EE6B /* ContentView.swift */ = {isa = PBXFileReference; lastKnownFileType = sourcecode.swift; path = ContentView.swift; sourceTree = "<group>"; };
		9CD33E49271734950092EE6B /* Assets.xcassets */ = {isa = PBXFileReference; lastKnownFileType = folder.assetcatalog; path = Assets.xcassets; sourceTree = "<group>"; };
		9CD33E4C271734950092EE6B /* Preview Assets.xcassets */ = {isa = PBXFileReference; lastKnownFileType = folder.assetcatalog; path = "Preview Assets.xcassets"; sourceTree = "<group>"; };
		9CD33E552717AA840092EE6B /* Runs.app */ = {isa = PBXFileReference; explicitFileType = wrapper.application; includeInIndex = 0; path = Runs.app; sourceTree = BUILT_PRODUCTS_DIR; };
		9CD33E572717AA840092EE6B /* RunsApp.swift */ = {isa = PBXFileReference; lastKnownFileType = sourcecode.swift; path = RunsApp.swift; sourceTree = "<group>"; };
		9CD33E592717AA840092EE6B /* ContentView.swift */ = {isa = PBXFileReference; lastKnownFileType = sourcecode.swift; path = ContentView.swift; sourceTree = "<group>"; };
		9CD33E5B2717AA880092EE6B /* Assets.xcassets */ = {isa = PBXFileReference; lastKnownFileType = folder.assetcatalog; path = Assets.xcassets; sourceTree = "<group>"; };
		9CD33E5E2717AA880092EE6B /* Preview Assets.xcassets */ = {isa = PBXFileReference; lastKnownFileType = folder.assetcatalog; path = "Preview Assets.xcassets"; sourceTree = "<group>"; };
		9CD33E672717ACA60092EE6B /* Markdown.app */ = {isa = PBXFileReference; explicitFileType = wrapper.application; includeInIndex = 0; path = Markdown.app; sourceTree = BUILT_PRODUCTS_DIR; };
		9CD33E692717ACA60092EE6B /* MarkdownApp.swift */ = {isa = PBXFileReference; lastKnownFileType = sourcecode.swift; path = MarkdownApp.swift; sourceTree = "<group>"; };
		9CD33E6B2717ACA60092EE6B /* ContentView.swift */ = {isa = PBXFileReference; lastKnownFileType = sourcecode.swift; path = ContentView.swift; sourceTree = "<group>"; };
		9CD33E6D2717ACA90092EE6B /* Assets.xcassets */ = {isa = PBXFileReference; lastKnownFileType = folder.assetcatalog; path = Assets.xcassets; sourceTree = "<group>"; };
		9CD33E702717ACA90092EE6B /* Preview Assets.xcassets */ = {isa = PBXFileReference; lastKnownFileType = folder.assetcatalog; path = "Preview Assets.xcassets"; sourceTree = "<group>"; };
		9CD33E792717AD670092EE6B /* DynamicTypeSize.app */ = {isa = PBXFileReference; explicitFileType = wrapper.application; includeInIndex = 0; path = DynamicTypeSize.app; sourceTree = BUILT_PRODUCTS_DIR; };
		9CD33E7B2717AD670092EE6B /* DynamicTypeSizeApp.swift */ = {isa = PBXFileReference; lastKnownFileType = sourcecode.swift; path = DynamicTypeSizeApp.swift; sourceTree = "<group>"; };
		9CD33E7D2717AD670092EE6B /* ContentView.swift */ = {isa = PBXFileReference; lastKnownFileType = sourcecode.swift; path = ContentView.swift; sourceTree = "<group>"; };
		9CD33E7F2717AD6A0092EE6B /* Assets.xcassets */ = {isa = PBXFileReference; lastKnownFileType = folder.assetcatalog; path = Assets.xcassets; sourceTree = "<group>"; };
		9CD33E822717AD6A0092EE6B /* Preview Assets.xcassets */ = {isa = PBXFileReference; lastKnownFileType = folder.assetcatalog; path = "Preview Assets.xcassets"; sourceTree = "<group>"; };
/* End PBXFileReference section */

/* Begin PBXFrameworksBuildPhase section */
		9CD33E1C27172C2D0092EE6B /* Frameworks */ = {
			isa = PBXFrameworksBuildPhase;
			buildActionMask = 2147483647;
			files = (
			);
			runOnlyForDeploymentPostprocessing = 0;
		};
		9CD33E2E27172FFE0092EE6B /* Frameworks */ = {
			isa = PBXFrameworksBuildPhase;
			buildActionMask = 2147483647;
			files = (
			);
			runOnlyForDeploymentPostprocessing = 0;
		};
		9CD33E40271734920092EE6B /* Frameworks */ = {
			isa = PBXFrameworksBuildPhase;
			buildActionMask = 2147483647;
			files = (
			);
			runOnlyForDeploymentPostprocessing = 0;
		};
		9CD33E522717AA840092EE6B /* Frameworks */ = {
			isa = PBXFrameworksBuildPhase;
			buildActionMask = 2147483647;
			files = (
			);
			runOnlyForDeploymentPostprocessing = 0;
		};
		9CD33E642717ACA60092EE6B /* Frameworks */ = {
			isa = PBXFrameworksBuildPhase;
			buildActionMask = 2147483647;
			files = (
			);
			runOnlyForDeploymentPostprocessing = 0;
		};
		9CD33E762717AD670092EE6B /* Frameworks */ = {
			isa = PBXFrameworksBuildPhase;
			buildActionMask = 2147483647;
			files = (
			);
			runOnlyForDeploymentPostprocessing = 0;
		};
/* End PBXFrameworksBuildPhase section */

/* Begin PBXGroup section */
		9CD33E0127172B980092EE6B = {
			isa = PBXGroup;
			children = (
				9CD33E2027172C2E0092EE6B /* Searchable */,
				9CD33E3227172FFE0092EE6B /* PullToRefresh */,
				9CD33E44271734920092EE6B /* AttributedString */,
				9CD33E562717AA840092EE6B /* Runs */,
				9CD33E682717ACA60092EE6B /* Markdown */,
				9CD33E7A2717AD670092EE6B /* DynamicTypeSize */,
				9CD33E0B27172B980092EE6B /* Products */,
			);
			sourceTree = "<group>";
		};
		9CD33E0B27172B980092EE6B /* Products */ = {
			isa = PBXGroup;
			children = (
				9CD33E1F27172C2D0092EE6B /* Searchable.app */,
				9CD33E3127172FFE0092EE6B /* PullToRefresh.app */,
				9CD33E43271734920092EE6B /* AttributedString.app */,
				9CD33E552717AA840092EE6B /* Runs.app */,
				9CD33E672717ACA60092EE6B /* Markdown.app */,
				9CD33E792717AD670092EE6B /* DynamicTypeSize.app */,
			);
			name = Products;
			sourceTree = "<group>";
		};
		9CD33E2027172C2E0092EE6B /* Searchable */ = {
			isa = PBXGroup;
			children = (
				9CD33E2127172C2E0092EE6B /* SearchableApp.swift */,
				9CD33E2327172C2E0092EE6B /* ContentView.swift */,
				9CD33E2527172C300092EE6B /* Assets.xcassets */,
				9CD33E2727172C300092EE6B /* Preview Content */,
			);
			path = Searchable;
			sourceTree = "<group>";
		};
		9CD33E2727172C300092EE6B /* Preview Content */ = {
			isa = PBXGroup;
			children = (
				9CD33E2827172C300092EE6B /* Preview Assets.xcassets */,
			);
			path = "Preview Content";
			sourceTree = "<group>";
		};
		9CD33E3227172FFE0092EE6B /* PullToRefresh */ = {
			isa = PBXGroup;
			children = (
				9CD33E3327172FFE0092EE6B /* PullToRefreshApp.swift */,
				9CD33E3527172FFE0092EE6B /* ContentView.swift */,
				9CD33E37271730010092EE6B /* Assets.xcassets */,
				9CD33E39271730010092EE6B /* Preview Content */,
			);
			path = PullToRefresh;
			sourceTree = "<group>";
		};
		9CD33E39271730010092EE6B /* Preview Content */ = {
			isa = PBXGroup;
			children = (
				9CD33E3A271730010092EE6B /* Preview Assets.xcassets */,
			);
			path = "Preview Content";
			sourceTree = "<group>";
		};
		9CD33E44271734920092EE6B /* AttributedString */ = {
			isa = PBXGroup;
			children = (
				9CD33E45271734920092EE6B /* AttributedStringApp.swift */,
				9CD33E47271734920092EE6B /* ContentView.swift */,
				9CD33E49271734950092EE6B /* Assets.xcassets */,
				9CD33E4B271734950092EE6B /* Preview Content */,
			);
			path = AttributedString;
			sourceTree = "<group>";
		};
		9CD33E4B271734950092EE6B /* Preview Content */ = {
			isa = PBXGroup;
			children = (
				9CD33E4C271734950092EE6B /* Preview Assets.xcassets */,
			);
			path = "Preview Content";
			sourceTree = "<group>";
		};
		9CD33E562717AA840092EE6B /* Runs */ = {
			isa = PBXGroup;
			children = (
				9CD33E572717AA840092EE6B /* RunsApp.swift */,
				9CD33E592717AA840092EE6B /* ContentView.swift */,
				9CD33E5B2717AA880092EE6B /* Assets.xcassets */,
				9CD33E5D2717AA880092EE6B /* Preview Content */,
			);
			path = Runs;
			sourceTree = "<group>";
		};
		9CD33E5D2717AA880092EE6B /* Preview Content */ = {
			isa = PBXGroup;
			children = (
				9CD33E5E2717AA880092EE6B /* Preview Assets.xcassets */,
			);
			path = "Preview Content";
			sourceTree = "<group>";
		};
		9CD33E682717ACA60092EE6B /* Markdown */ = {
			isa = PBXGroup;
			children = (
				9CD33E692717ACA60092EE6B /* MarkdownApp.swift */,
				9CD33E6B2717ACA60092EE6B /* ContentView.swift */,
				9CD33E6D2717ACA90092EE6B /* Assets.xcassets */,
				9CD33E6F2717ACA90092EE6B /* Preview Content */,
			);
			path = Markdown;
			sourceTree = "<group>";
		};
		9CD33E6F2717ACA90092EE6B /* Preview Content */ = {
			isa = PBXGroup;
			children = (
				9CD33E702717ACA90092EE6B /* Preview Assets.xcassets */,
			);
			path = "Preview Content";
			sourceTree = "<group>";
		};
		9CD33E7A2717AD670092EE6B /* DynamicTypeSize */ = {
			isa = PBXGroup;
			children = (
				9CD33E7B2717AD670092EE6B /* DynamicTypeSizeApp.swift */,
				9CD33E7D2717AD670092EE6B /* ContentView.swift */,
				9CD33E7F2717AD6A0092EE6B /* Assets.xcassets */,
				9CD33E812717AD6A0092EE6B /* Preview Content */,
			);
			path = DynamicTypeSize;
			sourceTree = "<group>";
		};
		9CD33E812717AD6A0092EE6B /* Preview Content */ = {
			isa = PBXGroup;
			children = (
				9CD33E822717AD6A0092EE6B /* Preview Assets.xcassets */,
			);
			path = "Preview Content";
			sourceTree = "<group>";
		};
/* End PBXGroup section */

/* Begin PBXNativeTarget section */
		9CD33E1E27172C2D0092EE6B /* Searchable */ = {
			isa = PBXNativeTarget;
			buildConfigurationList = 9CD33E2A27172C300092EE6B /* Build configuration list for PBXNativeTarget "Searchable" */;
			buildPhases = (
				9CD33E1B27172C2D0092EE6B /* Sources */,
				9CD33E1C27172C2D0092EE6B /* Frameworks */,
				9CD33E1D27172C2D0092EE6B /* Resources */,
			);
			buildRules = (
			);
			dependencies = (
			);
			name = Searchable;
			productName = Searchable;
			productReference = 9CD33E1F27172C2D0092EE6B /* Searchable.app */;
			productType = "com.apple.product-type.application";
		};
		9CD33E3027172FFE0092EE6B /* PullToRefresh */ = {
			isa = PBXNativeTarget;
			buildConfigurationList = 9CD33E3C271730010092EE6B /* Build configuration list for PBXNativeTarget "PullToRefresh" */;
			buildPhases = (
				9CD33E2D27172FFE0092EE6B /* Sources */,
				9CD33E2E27172FFE0092EE6B /* Frameworks */,
				9CD33E2F27172FFE0092EE6B /* Resources */,
			);
			buildRules = (
			);
			dependencies = (
			);
			name = PullToRefresh;
			productName = PullToRefresh;
			productReference = 9CD33E3127172FFE0092EE6B /* PullToRefresh.app */;
			productType = "com.apple.product-type.application";
		};
		9CD33E42271734920092EE6B /* AttributedString */ = {
			isa = PBXNativeTarget;
			buildConfigurationList = 9CD33E4E271734950092EE6B /* Build configuration list for PBXNativeTarget "AttributedString" */;
			buildPhases = (
				9CD33E3F271734920092EE6B /* Sources */,
				9CD33E40271734920092EE6B /* Frameworks */,
				9CD33E41271734920092EE6B /* Resources */,
			);
			buildRules = (
			);
			dependencies = (
			);
			name = AttributedString;
			productName = AttributedString;
			productReference = 9CD33E43271734920092EE6B /* AttributedString.app */;
			productType = "com.apple.product-type.application";
		};
		9CD33E542717AA840092EE6B /* Runs */ = {
			isa = PBXNativeTarget;
			buildConfigurationList = 9CD33E602717AA880092EE6B /* Build configuration list for PBXNativeTarget "Runs" */;
			buildPhases = (
				9CD33E512717AA840092EE6B /* Sources */,
				9CD33E522717AA840092EE6B /* Frameworks */,
				9CD33E532717AA840092EE6B /* Resources */,
			);
			buildRules = (
			);
			dependencies = (
			);
			name = Runs;
			productName = Runs;
			productReference = 9CD33E552717AA840092EE6B /* Runs.app */;
			productType = "com.apple.product-type.application";
		};
		9CD33E662717ACA60092EE6B /* Markdown */ = {
			isa = PBXNativeTarget;
			buildConfigurationList = 9CD33E722717ACA90092EE6B /* Build configuration list for PBXNativeTarget "Markdown" */;
			buildPhases = (
				9CD33E632717ACA60092EE6B /* Sources */,
				9CD33E642717ACA60092EE6B /* Frameworks */,
				9CD33E652717ACA60092EE6B /* Resources */,
			);
			buildRules = (
			);
			dependencies = (
			);
			name = Markdown;
			productName = Markdown;
			productReference = 9CD33E672717ACA60092EE6B /* Markdown.app */;
			productType = "com.apple.product-type.application";
		};
		9CD33E782717AD670092EE6B /* DynamicTypeSize */ = {
			isa = PBXNativeTarget;
			buildConfigurationList = 9CD33E842717AD6A0092EE6B /* Build configuration list for PBXNativeTarget "DynamicTypeSize" */;
			buildPhases = (
				9CD33E752717AD670092EE6B /* Sources */,
				9CD33E762717AD670092EE6B /* Frameworks */,
				9CD33E772717AD670092EE6B /* Resources */,
			);
			buildRules = (
			);
			dependencies = (
			);
			name = DynamicTypeSize;
			productName = DynamicTypeSize;
			productReference = 9CD33E792717AD670092EE6B /* DynamicTypeSize.app */;
			productType = "com.apple.product-type.application";
		};
/* End PBXNativeTarget section */

/* Begin PBXProject section */
		9CD33E0227172B980092EE6B /* Project object */ = {
			isa = PBXProject;
			attributes = {
				BuildIndependentTargetsInParallel = 1;
				LastSwiftUpdateCheck = 1300;
				LastUpgradeCheck = 1300;
				TargetAttributes = {
					9CD33E1E27172C2D0092EE6B = {
						CreatedOnToolsVersion = 13.0;
					};
					9CD33E3027172FFE0092EE6B = {
						CreatedOnToolsVersion = 13.0;
					};
					9CD33E42271734920092EE6B = {
						CreatedOnToolsVersion = 13.0;
					};
					9CD33E542717AA840092EE6B = {
						CreatedOnToolsVersion = 13.0;
					};
					9CD33E662717ACA60092EE6B = {
						CreatedOnToolsVersion = 13.0;
					};
					9CD33E782717AD670092EE6B = {
						CreatedOnToolsVersion = 13.0;
					};
				};
			};
			buildConfigurationList = 9CD33E0527172B980092EE6B /* Build configuration list for PBXProject "iOS15-SwiftUI-Sample" */;
			compatibilityVersion = "Xcode 13.0";
			developmentRegion = en;
			hasScannedForEncodings = 0;
			knownRegions = (
				en,
				Base,
			);
			mainGroup = 9CD33E0127172B980092EE6B;
			productRefGroup = 9CD33E0B27172B980092EE6B /* Products */;
			projectDirPath = "";
			projectRoot = "";
			targets = (
				9CD33E1E27172C2D0092EE6B /* Searchable */,
				9CD33E3027172FFE0092EE6B /* PullToRefresh */,
				9CD33E42271734920092EE6B /* AttributedString */,
				9CD33E542717AA840092EE6B /* Runs */,
				9CD33E662717ACA60092EE6B /* Markdown */,
				9CD33E782717AD670092EE6B /* DynamicTypeSize */,
			);
		};
/* End PBXProject section */

/* Begin PBXResourcesBuildPhase section */
		9CD33E1D27172C2D0092EE6B /* Resources */ = {
			isa = PBXResourcesBuildPhase;
			buildActionMask = 2147483647;
			files = (
				9CD33E2927172C300092EE6B /* Preview Assets.xcassets in Resources */,
				9CD33E2627172C300092EE6B /* Assets.xcassets in Resources */,
			);
			runOnlyForDeploymentPostprocessing = 0;
		};
		9CD33E2F27172FFE0092EE6B /* Resources */ = {
			isa = PBXResourcesBuildPhase;
			buildActionMask = 2147483647;
			files = (
				9CD33E3B271730010092EE6B /* Preview Assets.xcassets in Resources */,
				9CD33E38271730010092EE6B /* Assets.xcassets in Resources */,
			);
			runOnlyForDeploymentPostprocessing = 0;
		};
		9CD33E41271734920092EE6B /* Resources */ = {
			isa = PBXResourcesBuildPhase;
			buildActionMask = 2147483647;
			files = (
				9CD33E4D271734950092EE6B /* Preview Assets.xcassets in Resources */,
				9CD33E4A271734950092EE6B /* Assets.xcassets in Resources */,
			);
			runOnlyForDeploymentPostprocessing = 0;
		};
		9CD33E532717AA840092EE6B /* Resources */ = {
			isa = PBXResourcesBuildPhase;
			buildActionMask = 2147483647;
			files = (
				9CD33E5F2717AA880092EE6B /* Preview Assets.xcassets in Resources */,
				9CD33E5C2717AA880092EE6B /* Assets.xcassets in Resources */,
			);
			runOnlyForDeploymentPostprocessing = 0;
		};
		9CD33E652717ACA60092EE6B /* Resources */ = {
			isa = PBXResourcesBuildPhase;
			buildActionMask = 2147483647;
			files = (
				9CD33E712717ACA90092EE6B /* Preview Assets.xcassets in Resources */,
				9CD33E6E2717ACA90092EE6B /* Assets.xcassets in Resources */,
			);
			runOnlyForDeploymentPostprocessing = 0;
		};
		9CD33E772717AD670092EE6B /* Resources */ = {
			isa = PBXResourcesBuildPhase;
			buildActionMask = 2147483647;
			files = (
				9CD33E832717AD6A0092EE6B /* Preview Assets.xcassets in Resources */,
				9CD33E802717AD6A0092EE6B /* Assets.xcassets in Resources */,
			);
			runOnlyForDeploymentPostprocessing = 0;
		};
/* End PBXResourcesBuildPhase section */

/* Begin PBXSourcesBuildPhase section */
		9CD33E1B27172C2D0092EE6B /* Sources */ = {
			isa = PBXSourcesBuildPhase;
			buildActionMask = 2147483647;
			files = (
				9CD33E2427172C2E0092EE6B /* ContentView.swift in Sources */,
				9CD33E2227172C2E0092EE6B /* SearchableApp.swift in Sources */,
			);
			runOnlyForDeploymentPostprocessing = 0;
		};
		9CD33E2D27172FFE0092EE6B /* Sources */ = {
			isa = PBXSourcesBuildPhase;
			buildActionMask = 2147483647;
			files = (
				9CD33E3627172FFE0092EE6B /* ContentView.swift in Sources */,
				9CD33E3427172FFE0092EE6B /* PullToRefreshApp.swift in Sources */,
			);
			runOnlyForDeploymentPostprocessing = 0;
		};
		9CD33E3F271734920092EE6B /* Sources */ = {
			isa = PBXSourcesBuildPhase;
			buildActionMask = 2147483647;
			files = (
				9CD33E48271734920092EE6B /* ContentView.swift in Sources */,
				9CD33E46271734920092EE6B /* AttributedStringApp.swift in Sources */,
			);
			runOnlyForDeploymentPostprocessing = 0;
		};
		9CD33E512717AA840092EE6B /* Sources */ = {
			isa = PBXSourcesBuildPhase;
			buildActionMask = 2147483647;
			files = (
				9CD33E5A2717AA840092EE6B /* ContentView.swift in Sources */,
				9CD33E582717AA840092EE6B /* RunsApp.swift in Sources */,
			);
			runOnlyForDeploymentPostprocessing = 0;
		};
		9CD33E632717ACA60092EE6B /* Sources */ = {
			isa = PBXSourcesBuildPhase;
			buildActionMask = 2147483647;
			files = (
				9CD33E6C2717ACA60092EE6B /* ContentView.swift in Sources */,
				9CD33E6A2717ACA60092EE6B /* MarkdownApp.swift in Sources */,
			);
			runOnlyForDeploymentPostprocessing = 0;
		};
		9CD33E752717AD670092EE6B /* Sources */ = {
			isa = PBXSourcesBuildPhase;
			buildActionMask = 2147483647;
			files = (
				9CD33E7E2717AD670092EE6B /* ContentView.swift in Sources */,
				9CD33E7C2717AD670092EE6B /* DynamicTypeSizeApp.swift in Sources */,
			);
			runOnlyForDeploymentPostprocessing = 0;
		};
/* End PBXSourcesBuildPhase section */

/* Begin XCBuildConfiguration section */
		9CD33E1627172B9C0092EE6B /* Debug */ = {
			isa = XCBuildConfiguration;
			buildSettings = {
				ALWAYS_SEARCH_USER_PATHS = NO;
				CLANG_ANALYZER_NONNULL = YES;
				CLANG_ANALYZER_NUMBER_OBJECT_CONVERSION = YES_AGGRESSIVE;
				CLANG_CXX_LANGUAGE_STANDARD = "gnu++17";
				CLANG_CXX_LIBRARY = "libc++";
				CLANG_ENABLE_MODULES = YES;
				CLANG_ENABLE_OBJC_ARC = YES;
				CLANG_ENABLE_OBJC_WEAK = YES;
				CLANG_WARN_BLOCK_CAPTURE_AUTORELEASING = YES;
				CLANG_WARN_BOOL_CONVERSION = YES;
				CLANG_WARN_COMMA = YES;
				CLANG_WARN_CONSTANT_CONVERSION = YES;
				CLANG_WARN_DEPRECATED_OBJC_IMPLEMENTATIONS = YES;
				CLANG_WARN_DIRECT_OBJC_ISA_USAGE = YES_ERROR;
				CLANG_WARN_DOCUMENTATION_COMMENTS = YES;
				CLANG_WARN_EMPTY_BODY = YES;
				CLANG_WARN_ENUM_CONVERSION = YES;
				CLANG_WARN_INFINITE_RECURSION = YES;
				CLANG_WARN_INT_CONVERSION = YES;
				CLANG_WARN_NON_LITERAL_NULL_CONVERSION = YES;
				CLANG_WARN_OBJC_IMPLICIT_RETAIN_SELF = YES;
				CLANG_WARN_OBJC_LITERAL_CONVERSION = YES;
				CLANG_WARN_OBJC_ROOT_CLASS = YES_ERROR;
				CLANG_WARN_QUOTED_INCLUDE_IN_FRAMEWORK_HEADER = YES;
				CLANG_WARN_RANGE_LOOP_ANALYSIS = YES;
				CLANG_WARN_STRICT_PROTOTYPES = YES;
				CLANG_WARN_SUSPICIOUS_MOVE = YES;
				CLANG_WARN_UNGUARDED_AVAILABILITY = YES_AGGRESSIVE;
				CLANG_WARN_UNREACHABLE_CODE = YES;
				CLANG_WARN__DUPLICATE_METHOD_MATCH = YES;
				COPY_PHASE_STRIP = NO;
				DEBUG_INFORMATION_FORMAT = dwarf;
				ENABLE_STRICT_OBJC_MSGSEND = YES;
				ENABLE_TESTABILITY = YES;
				GCC_C_LANGUAGE_STANDARD = gnu11;
				GCC_DYNAMIC_NO_PIC = NO;
				GCC_NO_COMMON_BLOCKS = YES;
				GCC_OPTIMIZATION_LEVEL = 0;
				GCC_PREPROCESSOR_DEFINITIONS = (
					"DEBUG=1",
					"$(inherited)",
				);
				GCC_WARN_64_TO_32_BIT_CONVERSION = YES;
				GCC_WARN_ABOUT_RETURN_TYPE = YES_ERROR;
				GCC_WARN_UNDECLARED_SELECTOR = YES;
				GCC_WARN_UNINITIALIZED_AUTOS = YES_AGGRESSIVE;
				GCC_WARN_UNUSED_FUNCTION = YES;
				GCC_WARN_UNUSED_VARIABLE = YES;
				IPHONEOS_DEPLOYMENT_TARGET = 15.0;
				MTL_ENABLE_DEBUG_INFO = INCLUDE_SOURCE;
				MTL_FAST_MATH = YES;
				ONLY_ACTIVE_ARCH = YES;
				SDKROOT = iphoneos;
				SWIFT_ACTIVE_COMPILATION_CONDITIONS = DEBUG;
				SWIFT_OPTIMIZATION_LEVEL = "-Onone";
			};
			name = Debug;
		};
		9CD33E1727172B9C0092EE6B /* Release */ = {
			isa = XCBuildConfiguration;
			buildSettings = {
				ALWAYS_SEARCH_USER_PATHS = NO;
				CLANG_ANALYZER_NONNULL = YES;
				CLANG_ANALYZER_NUMBER_OBJECT_CONVERSION = YES_AGGRESSIVE;
				CLANG_CXX_LANGUAGE_STANDARD = "gnu++17";
				CLANG_CXX_LIBRARY = "libc++";
				CLANG_ENABLE_MODULES = YES;
				CLANG_ENABLE_OBJC_ARC = YES;
				CLANG_ENABLE_OBJC_WEAK = YES;
				CLANG_WARN_BLOCK_CAPTURE_AUTORELEASING = YES;
				CLANG_WARN_BOOL_CONVERSION = YES;
				CLANG_WARN_COMMA = YES;
				CLANG_WARN_CONSTANT_CONVERSION = YES;
				CLANG_WARN_DEPRECATED_OBJC_IMPLEMENTATIONS = YES;
				CLANG_WARN_DIRECT_OBJC_ISA_USAGE = YES_ERROR;
				CLANG_WARN_DOCUMENTATION_COMMENTS = YES;
				CLANG_WARN_EMPTY_BODY = YES;
				CLANG_WARN_ENUM_CONVERSION = YES;
				CLANG_WARN_INFINITE_RECURSION = YES;
				CLANG_WARN_INT_CONVERSION = YES;
				CLANG_WARN_NON_LITERAL_NULL_CONVERSION = YES;
				CLANG_WARN_OBJC_IMPLICIT_RETAIN_SELF = YES;
				CLANG_WARN_OBJC_LITERAL_CONVERSION = YES;
				CLANG_WARN_OBJC_ROOT_CLASS = YES_ERROR;
				CLANG_WARN_QUOTED_INCLUDE_IN_FRAMEWORK_HEADER = YES;
				CLANG_WARN_RANGE_LOOP_ANALYSIS = YES;
				CLANG_WARN_STRICT_PROTOTYPES = YES;
				CLANG_WARN_SUSPICIOUS_MOVE = YES;
				CLANG_WARN_UNGUARDED_AVAILABILITY = YES_AGGRESSIVE;
				CLANG_WARN_UNREACHABLE_CODE = YES;
				CLANG_WARN__DUPLICATE_METHOD_MATCH = YES;
				COPY_PHASE_STRIP = NO;
				DEBUG_INFORMATION_FORMAT = "dwarf-with-dsym";
				ENABLE_NS_ASSERTIONS = NO;
				ENABLE_STRICT_OBJC_MSGSEND = YES;
				GCC_C_LANGUAGE_STANDARD = gnu11;
				GCC_NO_COMMON_BLOCKS = YES;
				GCC_WARN_64_TO_32_BIT_CONVERSION = YES;
				GCC_WARN_ABOUT_RETURN_TYPE = YES_ERROR;
				GCC_WARN_UNDECLARED_SELECTOR = YES;
				GCC_WARN_UNINITIALIZED_AUTOS = YES_AGGRESSIVE;
				GCC_WARN_UNUSED_FUNCTION = YES;
				GCC_WARN_UNUSED_VARIABLE = YES;
				IPHONEOS_DEPLOYMENT_TARGET = 15.0;
				MTL_ENABLE_DEBUG_INFO = NO;
				MTL_FAST_MATH = YES;
				SDKROOT = iphoneos;
				SWIFT_COMPILATION_MODE = wholemodule;
				SWIFT_OPTIMIZATION_LEVEL = "-O";
				VALIDATE_PRODUCT = YES;
			};
			name = Release;
		};
		9CD33E2B27172C300092EE6B /* Debug */ = {
			isa = XCBuildConfiguration;
			buildSettings = {
				ASSETCATALOG_COMPILER_APPICON_NAME = AppIcon;
				ASSETCATALOG_COMPILER_GLOBAL_ACCENT_COLOR_NAME = AccentColor;
				CODE_SIGN_STYLE = Automatic;
				CURRENT_PROJECT_VERSION = 1;
				DEVELOPMENT_ASSET_PATHS = "\"Searchable/Preview Content\"";
				DEVELOPMENT_TEAM = TXFV3DH636;
				ENABLE_PREVIEWS = YES;
				GENERATE_INFOPLIST_FILE = YES;
				INFOPLIST_KEY_UIApplicationSceneManifest_Generation = YES;
				INFOPLIST_KEY_UIApplicationSupportsIndirectInputEvents = YES;
				INFOPLIST_KEY_UILaunchScreen_Generation = YES;
				INFOPLIST_KEY_UISupportedInterfaceOrientations_iPad = "UIInterfaceOrientationPortrait UIInterfaceOrientationPortraitUpsideDown UIInterfaceOrientationLandscapeLeft UIInterfaceOrientationLandscapeRight";
				INFOPLIST_KEY_UISupportedInterfaceOrientations_iPhone = "UIInterfaceOrientationPortrait UIInterfaceOrientationLandscapeLeft UIInterfaceOrientationLandscapeRight";
				IPHONEOS_DEPLOYMENT_TARGET = 15.0;
				LD_RUNPATH_SEARCH_PATHS = (
					"$(inherited)",
					"@executable_path/Frameworks",
				);
				MARKETING_VERSION = 1.0;
				PRODUCT_BUNDLE_IDENTIFIER = co.kotetu.example.swiftui.ios15.Searchable;
				PRODUCT_NAME = "$(TARGET_NAME)";
				SWIFT_EMIT_LOC_STRINGS = YES;
				SWIFT_VERSION = 5.0;
				TARGETED_DEVICE_FAMILY = "1,2";
			};
			name = Debug;
		};
		9CD33E2C27172C300092EE6B /* Release */ = {
			isa = XCBuildConfiguration;
			buildSettings = {
				ASSETCATALOG_COMPILER_APPICON_NAME = AppIcon;
				ASSETCATALOG_COMPILER_GLOBAL_ACCENT_COLOR_NAME = AccentColor;
				CODE_SIGN_STYLE = Automatic;
				CURRENT_PROJECT_VERSION = 1;
				DEVELOPMENT_ASSET_PATHS = "\"Searchable/Preview Content\"";
				DEVELOPMENT_TEAM = TXFV3DH636;
				ENABLE_PREVIEWS = YES;
				GENERATE_INFOPLIST_FILE = YES;
				INFOPLIST_KEY_UIApplicationSceneManifest_Generation = YES;
				INFOPLIST_KEY_UIApplicationSupportsIndirectInputEvents = YES;
				INFOPLIST_KEY_UILaunchScreen_Generation = YES;
				INFOPLIST_KEY_UISupportedInterfaceOrientations_iPad = "UIInterfaceOrientationPortrait UIInterfaceOrientationPortraitUpsideDown UIInterfaceOrientationLandscapeLeft UIInterfaceOrientationLandscapeRight";
				INFOPLIST_KEY_UISupportedInterfaceOrientations_iPhone = "UIInterfaceOrientationPortrait UIInterfaceOrientationLandscapeLeft UIInterfaceOrientationLandscapeRight";
				IPHONEOS_DEPLOYMENT_TARGET = 15.0;
				LD_RUNPATH_SEARCH_PATHS = (
					"$(inherited)",
					"@executable_path/Frameworks",
				);
				MARKETING_VERSION = 1.0;
				PRODUCT_BUNDLE_IDENTIFIER = co.kotetu.example.swiftui.ios15.Searchable;
				PRODUCT_NAME = "$(TARGET_NAME)";
				SWIFT_EMIT_LOC_STRINGS = YES;
				SWIFT_VERSION = 5.0;
				TARGETED_DEVICE_FAMILY = "1,2";
			};
			name = Release;
		};
		9CD33E3D271730010092EE6B /* Debug */ = {
			isa = XCBuildConfiguration;
			buildSettings = {
				ASSETCATALOG_COMPILER_APPICON_NAME = AppIcon;
				ASSETCATALOG_COMPILER_GLOBAL_ACCENT_COLOR_NAME = AccentColor;
				CODE_SIGN_STYLE = Automatic;
				CURRENT_PROJECT_VERSION = 1;
				DEVELOPMENT_ASSET_PATHS = "\"PullToRefresh/Preview Content\"";
				DEVELOPMENT_TEAM = TXFV3DH636;
				ENABLE_PREVIEWS = YES;
				GENERATE_INFOPLIST_FILE = YES;
				INFOPLIST_KEY_UIApplicationSceneManifest_Generation = YES;
				INFOPLIST_KEY_UIApplicationSupportsIndirectInputEvents = YES;
				INFOPLIST_KEY_UILaunchScreen_Generation = YES;
				INFOPLIST_KEY_UISupportedInterfaceOrientations_iPad = "UIInterfaceOrientationPortrait UIInterfaceOrientationPortraitUpsideDown UIInterfaceOrientationLandscapeLeft UIInterfaceOrientationLandscapeRight";
				INFOPLIST_KEY_UISupportedInterfaceOrientations_iPhone = "UIInterfaceOrientationPortrait UIInterfaceOrientationLandscapeLeft UIInterfaceOrientationLandscapeRight";
				IPHONEOS_DEPLOYMENT_TARGET = 15.0;
				LD_RUNPATH_SEARCH_PATHS = (
					"$(inherited)",
					"@executable_path/Frameworks",
				);
				MARKETING_VERSION = 1.0;
				PRODUCT_BUNDLE_IDENTIFIER = co.kotetu.example.swiftui.ios15.PullToRefresh;
				PRODUCT_NAME = "$(TARGET_NAME)";
				SWIFT_EMIT_LOC_STRINGS = YES;
				SWIFT_VERSION = 5.0;
				TARGETED_DEVICE_FAMILY = "1,2";
			};
			name = Debug;
		};
		9CD33E3E271730010092EE6B /* Release */ = {
			isa = XCBuildConfiguration;
			buildSettings = {
				ASSETCATALOG_COMPILER_APPICON_NAME = AppIcon;
				ASSETCATALOG_COMPILER_GLOBAL_ACCENT_COLOR_NAME = AccentColor;
				CODE_SIGN_STYLE = Automatic;
				CURRENT_PROJECT_VERSION = 1;
				DEVELOPMENT_ASSET_PATHS = "\"PullToRefresh/Preview Content\"";
				DEVELOPMENT_TEAM = TXFV3DH636;
				ENABLE_PREVIEWS = YES;
				GENERATE_INFOPLIST_FILE = YES;
				INFOPLIST_KEY_UIApplicationSceneManifest_Generation = YES;
				INFOPLIST_KEY_UIApplicationSupportsIndirectInputEvents = YES;
				INFOPLIST_KEY_UILaunchScreen_Generation = YES;
				INFOPLIST_KEY_UISupportedInterfaceOrientations_iPad = "UIInterfaceOrientationPortrait UIInterfaceOrientationPortraitUpsideDown UIInterfaceOrientationLandscapeLeft UIInterfaceOrientationLandscapeRight";
				INFOPLIST_KEY_UISupportedInterfaceOrientations_iPhone = "UIInterfaceOrientationPortrait UIInterfaceOrientationLandscapeLeft UIInterfaceOrientationLandscapeRight";
				IPHONEOS_DEPLOYMENT_TARGET = 15.0;
				LD_RUNPATH_SEARCH_PATHS = (
					"$(inherited)",
					"@executable_path/Frameworks",
				);
				MARKETING_VERSION = 1.0;
				PRODUCT_BUNDLE_IDENTIFIER = co.kotetu.example.swiftui.ios15.PullToRefresh;
				PRODUCT_NAME = "$(TARGET_NAME)";
				SWIFT_EMIT_LOC_STRINGS = YES;
				SWIFT_VERSION = 5.0;
				TARGETED_DEVICE_FAMILY = "1,2";
			};
			name = Release;
		};
		9CD33E4F271734950092EE6B /* Debug */ = {
			isa = XCBuildConfiguration;
			buildSettings = {
				ASSETCATALOG_COMPILER_APPICON_NAME = AppIcon;
				ASSETCATALOG_COMPILER_GLOBAL_ACCENT_COLOR_NAME = AccentColor;
				CODE_SIGN_STYLE = Automatic;
				CURRENT_PROJECT_VERSION = 1;
				DEVELOPMENT_ASSET_PATHS = "\"AttributedString/Preview Content\"";
				DEVELOPMENT_TEAM = TXFV3DH636;
				ENABLE_PREVIEWS = YES;
				GENERATE_INFOPLIST_FILE = YES;
				INFOPLIST_KEY_UIApplicationSceneManifest_Generation = YES;
				INFOPLIST_KEY_UIApplicationSupportsIndirectInputEvents = YES;
				INFOPLIST_KEY_UILaunchScreen_Generation = YES;
				INFOPLIST_KEY_UISupportedInterfaceOrientations_iPad = "UIInterfaceOrientationPortrait UIInterfaceOrientationPortraitUpsideDown UIInterfaceOrientationLandscapeLeft UIInterfaceOrientationLandscapeRight";
				INFOPLIST_KEY_UISupportedInterfaceOrientations_iPhone = "UIInterfaceOrientationPortrait UIInterfaceOrientationLandscapeLeft UIInterfaceOrientationLandscapeRight";
				IPHONEOS_DEPLOYMENT_TARGET = 15.0;
				LD_RUNPATH_SEARCH_PATHS = (
					"$(inherited)",
					"@executable_path/Frameworks",
				);
				MARKETING_VERSION = 1.0;
				PRODUCT_BUNDLE_IDENTIFIER = co.kotetu.example.swiftui.ios15.AttributedString;
				PRODUCT_NAME = "$(TARGET_NAME)";
				SWIFT_EMIT_LOC_STRINGS = YES;
				SWIFT_VERSION = 5.0;
				TARGETED_DEVICE_FAMILY = "1,2";
			};
			name = Debug;
		};
		9CD33E50271734950092EE6B /* Release */ = {
			isa = XCBuildConfiguration;
			buildSettings = {
				ASSETCATALOG_COMPILER_APPICON_NAME = AppIcon;
				ASSETCATALOG_COMPILER_GLOBAL_ACCENT_COLOR_NAME = AccentColor;
				CODE_SIGN_STYLE = Automatic;
				CURRENT_PROJECT_VERSION = 1;
				DEVELOPMENT_ASSET_PATHS = "\"AttributedString/Preview Content\"";
				DEVELOPMENT_TEAM = TXFV3DH636;
				ENABLE_PREVIEWS = YES;
				GENERATE_INFOPLIST_FILE = YES;
				INFOPLIST_KEY_UIApplicationSceneManifest_Generation = YES;
				INFOPLIST_KEY_UIApplicationSupportsIndirectInputEvents = YES;
				INFOPLIST_KEY_UILaunchScreen_Generation = YES;
				INFOPLIST_KEY_UISupportedInterfaceOrientations_iPad = "UIInterfaceOrientationPortrait UIInterfaceOrientationPortraitUpsideDown UIInterfaceOrientationLandscapeLeft UIInterfaceOrientationLandscapeRight";
				INFOPLIST_KEY_UISupportedInterfaceOrientations_iPhone = "UIInterfaceOrientationPortrait UIInterfaceOrientationLandscapeLeft UIInterfaceOrientationLandscapeRight";
				IPHONEOS_DEPLOYMENT_TARGET = 15.0;
				LD_RUNPATH_SEARCH_PATHS = (
					"$(inherited)",
					"@executable_path/Frameworks",
				);
				MARKETING_VERSION = 1.0;
				PRODUCT_BUNDLE_IDENTIFIER = co.kotetu.example.swiftui.ios15.AttributedString;
				PRODUCT_NAME = "$(TARGET_NAME)";
				SWIFT_EMIT_LOC_STRINGS = YES;
				SWIFT_VERSION = 5.0;
				TARGETED_DEVICE_FAMILY = "1,2";
			};
			name = Release;
		};
		9CD33E612717AA880092EE6B /* Debug */ = {
			isa = XCBuildConfiguration;
			buildSettings = {
				ASSETCATALOG_COMPILER_APPICON_NAME = AppIcon;
				ASSETCATALOG_COMPILER_GLOBAL_ACCENT_COLOR_NAME = AccentColor;
				CODE_SIGN_STYLE = Automatic;
				CURRENT_PROJECT_VERSION = 1;
				DEVELOPMENT_ASSET_PATHS = "\"Runs/Preview Content\"";
				DEVELOPMENT_TEAM = TXFV3DH636;
				ENABLE_PREVIEWS = YES;
				GENERATE_INFOPLIST_FILE = YES;
				INFOPLIST_KEY_UIApplicationSceneManifest_Generation = YES;
				INFOPLIST_KEY_UIApplicationSupportsIndirectInputEvents = YES;
				INFOPLIST_KEY_UILaunchScreen_Generation = YES;
				INFOPLIST_KEY_UISupportedInterfaceOrientations_iPad = "UIInterfaceOrientationPortrait UIInterfaceOrientationPortraitUpsideDown UIInterfaceOrientationLandscapeLeft UIInterfaceOrientationLandscapeRight";
				INFOPLIST_KEY_UISupportedInterfaceOrientations_iPhone = "UIInterfaceOrientationPortrait UIInterfaceOrientationLandscapeLeft UIInterfaceOrientationLandscapeRight";
				IPHONEOS_DEPLOYMENT_TARGET = 15.0;
				LD_RUNPATH_SEARCH_PATHS = (
					"$(inherited)",
					"@executable_path/Frameworks",
				);
				MARKETING_VERSION = 1.0;
				PRODUCT_BUNDLE_IDENTIFIER = co.kotetu.example.swiftui.ios15.Runs;
				PRODUCT_NAME = "$(TARGET_NAME)";
				SWIFT_EMIT_LOC_STRINGS = YES;
				SWIFT_VERSION = 5.0;
				TARGETED_DEVICE_FAMILY = "1,2";
			};
			name = Debug;
		};
		9CD33E622717AA880092EE6B /* Release */ = {
			isa = XCBuildConfiguration;
			buildSettings = {
				ASSETCATALOG_COMPILER_APPICON_NAME = AppIcon;
				ASSETCATALOG_COMPILER_GLOBAL_ACCENT_COLOR_NAME = AccentColor;
				CODE_SIGN_STYLE = Automatic;
				CURRENT_PROJECT_VERSION = 1;
				DEVELOPMENT_ASSET_PATHS = "\"Runs/Preview Content\"";
				DEVELOPMENT_TEAM = TXFV3DH636;
				ENABLE_PREVIEWS = YES;
				GENERATE_INFOPLIST_FILE = YES;
				INFOPLIST_KEY_UIApplicationSceneManifest_Generation = YES;
				INFOPLIST_KEY_UIApplicationSupportsIndirectInputEvents = YES;
				INFOPLIST_KEY_UILaunchScreen_Generation = YES;
				INFOPLIST_KEY_UISupportedInterfaceOrientations_iPad = "UIInterfaceOrientationPortrait UIInterfaceOrientationPortraitUpsideDown UIInterfaceOrientationLandscapeLeft UIInterfaceOrientationLandscapeRight";
				INFOPLIST_KEY_UISupportedInterfaceOrientations_iPhone = "UIInterfaceOrientationPortrait UIInterfaceOrientationLandscapeLeft UIInterfaceOrientationLandscapeRight";
				IPHONEOS_DEPLOYMENT_TARGET = 15.0;
				LD_RUNPATH_SEARCH_PATHS = (
					"$(inherited)",
					"@executable_path/Frameworks",
				);
				MARKETING_VERSION = 1.0;
				PRODUCT_BUNDLE_IDENTIFIER = co.kotetu.example.swiftui.ios15.Runs;
				PRODUCT_NAME = "$(TARGET_NAME)";
				SWIFT_EMIT_LOC_STRINGS = YES;
				SWIFT_VERSION = 5.0;
				TARGETED_DEVICE_FAMILY = "1,2";
			};
			name = Release;
		};
		9CD33E732717ACA90092EE6B /* Debug */ = {
			isa = XCBuildConfiguration;
			buildSettings = {
				ASSETCATALOG_COMPILER_APPICON_NAME = AppIcon;
				ASSETCATALOG_COMPILER_GLOBAL_ACCENT_COLOR_NAME = AccentColor;
				CODE_SIGN_STYLE = Automatic;
				CURRENT_PROJECT_VERSION = 1;
				DEVELOPMENT_ASSET_PATHS = "\"Markdown/Preview Content\"";
				DEVELOPMENT_TEAM = TXFV3DH636;
				ENABLE_PREVIEWS = YES;
				GENERATE_INFOPLIST_FILE = YES;
				INFOPLIST_KEY_UIApplicationSceneManifest_Generation = YES;
				INFOPLIST_KEY_UIApplicationSupportsIndirectInputEvents = YES;
				INFOPLIST_KEY_UILaunchScreen_Generation = YES;
				INFOPLIST_KEY_UISupportedInterfaceOrientations_iPad = "UIInterfaceOrientationPortrait UIInterfaceOrientationPortraitUpsideDown UIInterfaceOrientationLandscapeLeft UIInterfaceOrientationLandscapeRight";
				INFOPLIST_KEY_UISupportedInterfaceOrientations_iPhone = "UIInterfaceOrientationPortrait UIInterfaceOrientationLandscapeLeft UIInterfaceOrientationLandscapeRight";
				IPHONEOS_DEPLOYMENT_TARGET = 15.0;
				LD_RUNPATH_SEARCH_PATHS = (
					"$(inherited)",
					"@executable_path/Frameworks",
				);
				MARKETING_VERSION = 1.0;
				PRODUCT_BUNDLE_IDENTIFIER = co.kotetu.example.swiftui.ios15.Markdown;
				PRODUCT_NAME = "$(TARGET_NAME)";
				SWIFT_EMIT_LOC_STRINGS = YES;
				SWIFT_VERSION = 5.0;
				TARGETED_DEVICE_FAMILY = "1,2";
			};
			name = Debug;
		};
		9CD33E742717ACA90092EE6B /* Release */ = {
			isa = XCBuildConfiguration;
			buildSettings = {
				ASSETCATALOG_COMPILER_APPICON_NAME = AppIcon;
				ASSETCATALOG_COMPILER_GLOBAL_ACCENT_COLOR_NAME = AccentColor;
				CODE_SIGN_STYLE = Automatic;
				CURRENT_PROJECT_VERSION = 1;
				DEVELOPMENT_ASSET_PATHS = "\"Markdown/Preview Content\"";
				DEVELOPMENT_TEAM = TXFV3DH636;
				ENABLE_PREVIEWS = YES;
				GENERATE_INFOPLIST_FILE = YES;
				INFOPLIST_KEY_UIApplicationSceneManifest_Generation = YES;
				INFOPLIST_KEY_UIApplicationSupportsIndirectInputEvents = YES;
				INFOPLIST_KEY_UILaunchScreen_Generation = YES;
				INFOPLIST_KEY_UISupportedInterfaceOrientations_iPad = "UIInterfaceOrientationPortrait UIInterfaceOrientationPortraitUpsideDown UIInterfaceOrientationLandscapeLeft UIInterfaceOrientationLandscapeRight";
				INFOPLIST_KEY_UISupportedInterfaceOrientations_iPhone = "UIInterfaceOrientationPortrait UIInterfaceOrientationLandscapeLeft UIInterfaceOrientationLandscapeRight";
				IPHONEOS_DEPLOYMENT_TARGET = 15.0;
				LD_RUNPATH_SEARCH_PATHS = (
					"$(inherited)",
					"@executable_path/Frameworks",
				);
				MARKETING_VERSION = 1.0;
				PRODUCT_BUNDLE_IDENTIFIER = co.kotetu.example.swiftui.ios15.Markdown;
				PRODUCT_NAME = "$(TARGET_NAME)";
				SWIFT_EMIT_LOC_STRINGS = YES;
				SWIFT_VERSION = 5.0;
				TARGETED_DEVICE_FAMILY = "1,2";
			};
			name = Release;
		};
		9CD33E852717AD6A0092EE6B /* Debug */ = {
			isa = XCBuildConfiguration;
			buildSettings = {
				ASSETCATALOG_COMPILER_APPICON_NAME = AppIcon;
				ASSETCATALOG_COMPILER_GLOBAL_ACCENT_COLOR_NAME = AccentColor;
				CODE_SIGN_STYLE = Automatic;
				CURRENT_PROJECT_VERSION = 1;
				DEVELOPMENT_ASSET_PATHS = "\"DynamicTypeSize/Preview Content\"";
				DEVELOPMENT_TEAM = TXFV3DH636;
				ENABLE_PREVIEWS = YES;
				GENERATE_INFOPLIST_FILE = YES;
				INFOPLIST_KEY_UIApplicationSceneManifest_Generation = YES;
				INFOPLIST_KEY_UIApplicationSupportsIndirectInputEvents = YES;
				INFOPLIST_KEY_UILaunchScreen_Generation = YES;
				INFOPLIST_KEY_UISupportedInterfaceOrientations_iPad = "UIInterfaceOrientationPortrait UIInterfaceOrientationPortraitUpsideDown UIInterfaceOrientationLandscapeLeft UIInterfaceOrientationLandscapeRight";
				INFOPLIST_KEY_UISupportedInterfaceOrientations_iPhone = "UIInterfaceOrientationPortrait UIInterfaceOrientationLandscapeLeft UIInterfaceOrientationLandscapeRight";
				IPHONEOS_DEPLOYMENT_TARGET = 15.0;
				LD_RUNPATH_SEARCH_PATHS = (
					"$(inherited)",
					"@executable_path/Frameworks",
				);
				MARKETING_VERSION = 1.0;
				PRODUCT_BUNDLE_IDENTIFIER = co.kotetu.example.swiftui.ios15.DynamicTypeSize;
				PRODUCT_NAME = "$(TARGET_NAME)";
				SWIFT_EMIT_LOC_STRINGS = YES;
				SWIFT_VERSION = 5.0;
				TARGETED_DEVICE_FAMILY = "1,2";
			};
			name = Debug;
		};
		9CD33E862717AD6A0092EE6B /* Release */ = {
			isa = XCBuildConfiguration;
			buildSettings = {
				ASSETCATALOG_COMPILER_APPICON_NAME = AppIcon;
				ASSETCATALOG_COMPILER_GLOBAL_ACCENT_COLOR_NAME = AccentColor;
				CODE_SIGN_STYLE = Automatic;
				CURRENT_PROJECT_VERSION = 1;
				DEVELOPMENT_ASSET_PATHS = "\"DynamicTypeSize/Preview Content\"";
				DEVELOPMENT_TEAM = TXFV3DH636;
				ENABLE_PREVIEWS = YES;
				GENERATE_INFOPLIST_FILE = YES;
				INFOPLIST_KEY_UIApplicationSceneManifest_Generation = YES;
				INFOPLIST_KEY_UIApplicationSupportsIndirectInputEvents = YES;
				INFOPLIST_KEY_UILaunchScreen_Generation = YES;
				INFOPLIST_KEY_UISupportedInterfaceOrientations_iPad = "UIInterfaceOrientationPortrait UIInterfaceOrientationPortraitUpsideDown UIInterfaceOrientationLandscapeLeft UIInterfaceOrientationLandscapeRight";
				INFOPLIST_KEY_UISupportedInterfaceOrientations_iPhone = "UIInterfaceOrientationPortrait UIInterfaceOrientationLandscapeLeft UIInterfaceOrientationLandscapeRight";
				IPHONEOS_DEPLOYMENT_TARGET = 15.0;
				LD_RUNPATH_SEARCH_PATHS = (
					"$(inherited)",
					"@executable_path/Frameworks",
				);
				MARKETING_VERSION = 1.0;
				PRODUCT_BUNDLE_IDENTIFIER = co.kotetu.example.swiftui.ios15.DynamicTypeSize;
				PRODUCT_NAME = "$(TARGET_NAME)";
				SWIFT_EMIT_LOC_STRINGS = YES;
				SWIFT_VERSION = 5.0;
				TARGETED_DEVICE_FAMILY = "1,2";
			};
			name = Release;
		};
/* End XCBuildConfiguration section */

/* Begin XCConfigurationList section */
		9CD33E0527172B980092EE6B /* Build configuration list for PBXProject "iOS15-SwiftUI-Sample" */ = {
			isa = XCConfigurationList;
			buildConfigurations = (
				9CD33E1627172B9C0092EE6B /* Debug */,
				9CD33E1727172B9C0092EE6B /* Release */,
			);
			defaultConfigurationIsVisible = 0;
			defaultConfigurationName = Release;
		};
		9CD33E2A27172C300092EE6B /* Build configuration list for PBXNativeTarget "Searchable" */ = {
			isa = XCConfigurationList;
			buildConfigurations = (
				9CD33E2B27172C300092EE6B /* Debug */,
				9CD33E2C27172C300092EE6B /* Release */,
			);
			defaultConfigurationIsVisible = 0;
			defaultConfigurationName = Release;
		};
		9CD33E3C271730010092EE6B /* Build configuration list for PBXNativeTarget "PullToRefresh" */ = {
			isa = XCConfigurationList;
			buildConfigurations = (
				9CD33E3D271730010092EE6B /* Debug */,
				9CD33E3E271730010092EE6B /* Release */,
			);
			defaultConfigurationIsVisible = 0;
			defaultConfigurationName = Release;
		};
		9CD33E4E271734950092EE6B /* Build configuration list for PBXNativeTarget "AttributedString" */ = {
			isa = XCConfigurationList;
			buildConfigurations = (
				9CD33E4F271734950092EE6B /* Debug */,
				9CD33E50271734950092EE6B /* Release */,
			);
			defaultConfigurationIsVisible = 0;
			defaultConfigurationName = Release;
		};
		9CD33E602717AA880092EE6B /* Build configuration list for PBXNativeTarget "Runs" */ = {
			isa = XCConfigurationList;
			buildConfigurations = (
				9CD33E612717AA880092EE6B /* Debug */,
				9CD33E622717AA880092EE6B /* Release */,
			);
			defaultConfigurationIsVisible = 0;
			defaultConfigurationName = Release;
		};
		9CD33E722717ACA90092EE6B /* Build configuration list for PBXNativeTarget "Markdown" */ = {
			isa = XCConfigurationList;
			buildConfigurations = (
				9CD33E732717ACA90092EE6B /* Debug */,
				9CD33E742717ACA90092EE6B /* Release */,
			);
			defaultConfigurationIsVisible = 0;
			defaultConfigurationName = Release;
		};
		9CD33E842717AD6A0092EE6B /* Build configuration list for PBXNativeTarget "DynamicTypeSize" */ = {
			isa = XCConfigurationList;
			buildConfigurations = (
				9CD33E852717AD6A0092EE6B /* Debug */,
				9CD33E862717AD6A0092EE6B /* Release */,
			);
			defaultConfigurationIsVisible = 0;
			defaultConfigurationName = Release;
		};
/* End XCConfigurationList section */
	};
	rootObject = 9CD33E0227172B980092EE6B /* Project object */;
}
